lockfileVersion: '9.0'

settings:
  autoInstallPeers: true
  excludeLinksFromLockfile: false

importers:

  .:
    dependencies:
      react:
        specifier: ^19.0.0
        version: 19.0.0
      react-dom:
        specifier: ^19.0.0
        version: 19.0.0(react@19.0.0)
    devDependencies:
      '@biomejs/biome':
        specifier: ^1.9.4
        version: 1.9.4
      '@rsbuild/core':
        specifier: ^1.2.11
        version: 1.2.14
      '@rsbuild/plugin-react':
        specifier: ^1.1.1
        version: 1.1.1(@rsbuild/core@1.2.14)
      '@tailwindcss/postcss':
        specifier: ^4.0.9
        version: 4.0.9
      '@tauri-apps/cli':
        specifier: ^2.3.1
        version: 2.3.1
      '@types/react':
        specifier: ^19.0.10
        version: 19.0.10
      '@types/react-dom':
        specifier: ^19.0.4
        version: 19.0.4(@types/react@19.0.10)
      tailwindcss:
        specifier: ^4.0.9
        version: 4.0.9
      typescript:
        specifier: ^5.7.3
        version: 5.8.2

packages:

  '@alloc/quick-lru@5.2.0':
    resolution: {integrity: sha512-UrcABB+4bUrFABwbluTIBErXwvbsU/V7TZWfmbgJfbkwiBuziS9gxdODUyuiecfdGQ85jglMW6juS3+z5TsKLw==}
    engines: {node: '>=10'}

  '@biomejs/biome@1.9.4':
    resolution: {integrity: sha512-1rkd7G70+o9KkTn5KLmDYXihGoTaIGO9PIIN2ZB7UJxFrWw04CZHPYiMRjYsaDvVV7hP1dYNRLxSANLaBFGpog==}
    engines: {node: '>=14.21.3'}
    hasBin: true

  '@biomejs/cli-darwin-arm64@1.9.4':
    resolution: {integrity: sha512-bFBsPWrNvkdKrNCYeAp+xo2HecOGPAy9WyNyB/jKnnedgzl4W4Hb9ZMzYNbf8dMCGmUdSavlYHiR01QaYR58cw==}
    engines: {node: '>=14.21.3'}
    cpu: [arm64]
    os: [darwin]

  '@biomejs/cli-darwin-x64@1.9.4':
    resolution: {integrity: sha512-ngYBh/+bEedqkSevPVhLP4QfVPCpb+4BBe2p7Xs32dBgs7rh9nY2AIYUL6BgLw1JVXV8GlpKmb/hNiuIxfPfZg==}
    engines: {node: '>=14.21.3'}
    cpu: [x64]
    os: [darwin]

  '@biomejs/cli-linux-arm64-musl@1.9.4':
    resolution: {integrity: sha512-v665Ct9WCRjGa8+kTr0CzApU0+XXtRgwmzIf1SeKSGAv+2scAlW6JR5PMFo6FzqqZ64Po79cKODKf3/AAmECqA==}
    engines: {node: '>=14.21.3'}
    cpu: [arm64]
    os: [linux]

  '@biomejs/cli-linux-arm64@1.9.4':
    resolution: {integrity: sha512-fJIW0+LYujdjUgJJuwesP4EjIBl/N/TcOX3IvIHJQNsAqvV2CHIogsmA94BPG6jZATS4Hi+xv4SkBBQSt1N4/g==}
    engines: {node: '>=14.21.3'}
    cpu: [arm64]
    os: [linux]

  '@biomejs/cli-linux-x64-musl@1.9.4':
    resolution: {integrity: sha512-gEhi/jSBhZ2m6wjV530Yy8+fNqG8PAinM3oV7CyO+6c3CEh16Eizm21uHVsyVBEB6RIM8JHIl6AGYCv6Q6Q9Tg==}
    engines: {node: '>=14.21.3'}
    cpu: [x64]
    os: [linux]

  '@biomejs/cli-linux-x64@1.9.4':
    resolution: {integrity: sha512-lRCJv/Vi3Vlwmbd6K+oQ0KhLHMAysN8lXoCI7XeHlxaajk06u7G+UsFSO01NAs5iYuWKmVZjmiOzJ0OJmGsMwg==}
    engines: {node: '>=14.21.3'}
    cpu: [x64]
    os: [linux]

  '@biomejs/cli-win32-arm64@1.9.4':
    resolution: {integrity: sha512-tlbhLk+WXZmgwoIKwHIHEBZUwxml7bRJgk0X2sPyNR3S93cdRq6XulAZRQJ17FYGGzWne0fgrXBKpl7l4M87Hg==}
    engines: {node: '>=14.21.3'}
    cpu: [arm64]
    os: [win32]

  '@biomejs/cli-win32-x64@1.9.4':
    resolution: {integrity: sha512-8Y5wMhVIPaWe6jw2H+KlEm4wP/f7EW3810ZLmDlrEEy5KvBsb9ECEfu/kMWD484ijfQ8+nIi0giMgu9g1UAuuA==}
    engines: {node: '>=14.21.3'}
    cpu: [x64]
    os: [win32]

  '@module-federation/error-codes@0.8.4':
    resolution: {integrity: sha512-55LYmrDdKb4jt+qr8qE8U3al62ZANp3FhfVaNPOaAmdTh0jHdD8M3yf5HKFlr5xVkVO4eV/F/J2NCfpbh+pEXQ==}

  '@module-federation/runtime-tools@0.8.4':
    resolution: {integrity: sha512-fjVOsItJ1u5YY6E9FnS56UDwZgqEQUrWFnouRiPtK123LUuqUI9FH4redZoKWlE1PB0ir1Z3tnqy8eFYzPO38Q==}

  '@module-federation/runtime@0.8.4':
    resolution: {integrity: sha512-yZeZ7z2Rx4gv/0E97oLTF3V6N25vglmwXGgoeju/W2YjsFvWzVtCDI7zRRb0mJhU6+jmSM8jP1DeQGbea/AiZQ==}

  '@module-federation/sdk@0.8.4':
    resolution: {integrity: sha512-waABomIjg/5m1rPDBWYG4KUhS5r7OUUY7S+avpaVIY/tkPWB3ibRDKy2dNLLAMaLKq0u+B1qIdEp4NIWkqhqpg==}

  '@module-federation/webpack-bundler-runtime@0.8.4':
    resolution: {integrity: sha512-HggROJhvHPUX7uqBD/XlajGygMNM1DG0+4OAkk8MBQe4a18QzrRNzZt6XQbRTSG4OaEoyRWhQHvYD3Yps405tQ==}

  '@rsbuild/core@1.2.14':
    resolution: {integrity: sha512-G8AqvCHBhs8Yt7pOQuS5YYjdYozp436ohaLr1iAMB/Jw01VNFh4u1tpShudRnw3NPmHhJ82wBaEu1zNaJ0VsKg==}
    engines: {node: '>=16.7.0'}
    hasBin: true

  '@rsbuild/plugin-react@1.1.1':
    resolution: {integrity: sha512-gkATKrOQauXMMtrYA5jbTQkhmYTE0VXoknPLtVpiXtwDbBUwgX23LFf1XJ51YOwqYpP7g5SfPEMgD2FENtCq0A==}
    peerDependencies:
      '@rsbuild/core': 1.x

  '@rspack/binding-darwin-arm64@1.2.5':
    resolution: {integrity: sha512-ou0NXMLp6RxY9Bx8P9lA8ArVjz/WAI/gSu5kKrdKKtMs6WKutl4vvP9A4HHZnISd9Tn00dlvDwNeNSUR7fjoDQ==}
    cpu: [arm64]
    os: [darwin]

  '@rspack/binding-darwin-x64@1.2.5':
    resolution: {integrity: sha512-RdvH9YongQlDE9+T2Xh5D2+dyiLHx2Gz38Af1uObyBRNWjF1qbuR51hOas0f2NFUdyA03j1+HWZCbE7yZrmI3w==}
    cpu: [x64]
    os: [darwin]

  '@rspack/binding-linux-arm64-gnu@1.2.5':
    resolution: {integrity: sha512-jznk/CI/wN93fr8I1j3la/CAiGf8aG7ZHIpRBtT4CkNze0c5BcF3AaJVSBHVNQqgSv0qddxMt3SADpzV8rWZ6g==}
    cpu: [arm64]
    os: [linux]

  '@rspack/binding-linux-arm64-musl@1.2.5':
    resolution: {integrity: sha512-oYzcaJ0xjb1fWbbtPmjjPXeehExEgwJ8fEGYQ5TikB+p9oCLkAghnNjsz9evUhgjByxi+NTZ1YmUNwxRuQDY1Q==}
    cpu: [arm64]
    os: [linux]

  '@rspack/binding-linux-x64-gnu@1.2.5':
    resolution: {integrity: sha512-dzEKs8oi86Vi+TFRCPpgmfF5ANL0VmlZN45e1An7HipeI2C5B1xrz/H8V43vPy8XEvQuMmkXO6Sp82A0zlHvIA==}
    cpu: [x64]
    os: [linux]

  '@rspack/binding-linux-x64-musl@1.2.5':
    resolution: {integrity: sha512-4ENeVPVSD97rRRGr6kJSm4sIPf1tKJ8vlr9hJi4sSvF7eMLWipSwIVmqRXJ2riVMRjYD2einmJ9KzI8rqQ2OwA==}
    cpu: [x64]
    os: [linux]

  '@rspack/binding-win32-arm64-msvc@1.2.5':
    resolution: {integrity: sha512-WUoJvX/z43MWeW1JKAQIxdvqH02oLzbaGMCzIikvniZnakQovYLPH6tCYh7qD3p7uQsm+IafFddhFxTtogC3pg==}
    cpu: [arm64]
    os: [win32]

  '@rspack/binding-win32-ia32-msvc@1.2.5':
    resolution: {integrity: sha512-YzPvmt/gpiacE6aAacz4dxgEbNWwoKYPaT4WYy/oITobnAui++iCFXC4IICSmlpoA1y7O8K3Qb9jbaB/lLhbwA==}
    cpu: [ia32]
    os: [win32]

  '@rspack/binding-win32-x64-msvc@1.2.5':
    resolution: {integrity: sha512-QDDshfteMZiglllm7WUh/ITemFNuexwn1Yul7cHBFGQu6HqtqKNAR0kGR8J3e15MPMlinSaygVpfRE4A0KPmjQ==}
    cpu: [x64]
    os: [win32]

  '@rspack/binding@1.2.5':
    resolution: {integrity: sha512-q9vQmGDFZyFVMULwOFL7488WNSgn4ue94R/njDLMMIPF4K0oEJP2QT02elfG4KVGv2CbP63D7vEFN4ZNreo/Rw==}

  '@rspack/core@1.2.5':
    resolution: {integrity: sha512-x/riOl05gOVGgGQFimBqS5i8XbUpBxPIKUC+tDX4hmNNkzxRaGpspZfNtcL+1HBMyYuoM6fOWGyCp2R290Uy6g==}
    engines: {node: '>=16.0.0'}
    peerDependencies:
      '@rspack/tracing': ^1.x
      '@swc/helpers': '>=0.5.1'
    peerDependenciesMeta:
      '@rspack/tracing':
        optional: true
      '@swc/helpers':
        optional: true

  '@rspack/lite-tapable@1.0.1':
    resolution: {integrity: sha512-VynGOEsVw2s8TAlLf/uESfrgfrq2+rcXB1muPJYBWbsm1Oa6r5qVQhjA5ggM6z/coYPrsVMgovl3Ff7Q7OCp1w==}
    engines: {node: '>=16.0.0'}

  '@rspack/plugin-react-refresh@1.0.1':
    resolution: {integrity: sha512-KSBc3bsr3mrAPViv7w9MpE9KEWm6q87EyRXyHlRfJ9PpQ56NbX9KZ7AXo7jPeECb0q5sfpM2PSEf+syBiMgLSw==}
    peerDependencies:
      react-refresh: '>=0.10.0 <1.0.0'
    peerDependenciesMeta:
      react-refresh:
        optional: true

  '@swc/helpers@0.5.15':
    resolution: {integrity: sha512-JQ5TuMi45Owi4/BIMAJBoSQoOJu12oOk/gADqlcUL9JEdHB8vyjUSsxqeNXnmXHjYKMi2WcYtezGEEhqUI/E2g==}

  '@tailwindcss/node@4.0.9':
    resolution: {integrity: sha512-tOJvdI7XfJbARYhxX+0RArAhmuDcczTC46DGCEziqxzzbIaPnfYaIyRT31n4u8lROrsO7Q6u/K9bmQHL2uL1bQ==}

  '@tailwindcss/oxide-android-arm64@4.0.9':
    resolution: {integrity: sha512-YBgy6+2flE/8dbtrdotVInhMVIxnHJPbAwa7U1gX4l2ThUIaPUp18LjB9wEH8wAGMBZUb//SzLtdXXNBHPUl6Q==}
    engines: {node: '>= 10'}
    cpu: [arm64]
    os: [android]

  '@tailwindcss/oxide-darwin-arm64@4.0.9':
    resolution: {integrity: sha512-pWdl4J2dIHXALgy2jVkwKBmtEb73kqIfMpYmcgESr7oPQ+lbcQ4+tlPeVXaSAmang+vglAfFpXQCOvs/aGSqlw==}
    engines: {node: '>= 10'}
    cpu: [arm64]
    os: [darwin]

  '@tailwindcss/oxide-darwin-x64@4.0.9':
    resolution: {integrity: sha512-4Dq3lKp0/C7vrRSkNPtBGVebEyWt9QPPlQctxJ0H3MDyiQYvzVYf8jKow7h5QkWNe8hbatEqljMj/Y0M+ERYJg==}
    engines: {node: '>= 10'}
    cpu: [x64]
    os: [darwin]

  '@tailwindcss/oxide-freebsd-x64@4.0.9':
    resolution: {integrity: sha512-k7U1RwRODta8x0uealtVt3RoWAWqA+D5FAOsvVGpYoI6ObgmnzqWW6pnVwz70tL8UZ/QXjeMyiICXyjzB6OGtQ==}
    engines: {node: '>= 10'}
    cpu: [x64]
    os: [freebsd]

  '@tailwindcss/oxide-linux-arm-gnueabihf@4.0.9':
    resolution: {integrity: sha512-NDDjVweHz2zo4j+oS8y3KwKL5wGCZoXGA9ruJM982uVJLdsF8/1AeKvUwKRlMBpxHt1EdWJSAh8a0Mfhl28GlQ==}
    engines: {node: '>= 10'}
    cpu: [arm]
    os: [linux]

  '@tailwindcss/oxide-linux-arm64-gnu@4.0.9':
    resolution: {integrity: sha512-jk90UZ0jzJl3Dy1BhuFfRZ2KP9wVKMXPjmCtY4U6fF2LvrjP5gWFJj5VHzfzHonJexjrGe1lMzgtjriuZkxagg==}
    engines: {node: '>= 10'}
    cpu: [arm64]
    os: [linux]

  '@tailwindcss/oxide-linux-arm64-musl@4.0.9':
    resolution: {integrity: sha512-3eMjyTC6HBxh9nRgOHzrc96PYh1/jWOwHZ3Kk0JN0Kl25BJ80Lj9HEvvwVDNTgPg154LdICwuFLuhfgH9DULmg==}
    engines: {node: '>= 10'}
    cpu: [arm64]
    os: [linux]

  '@tailwindcss/oxide-linux-x64-gnu@4.0.9':
    resolution: {integrity: sha512-v0D8WqI/c3WpWH1kq/HP0J899ATLdGZmENa2/emmNjubT0sWtEke9W9+wXeEoACuGAhF9i3PO5MeyditpDCiWQ==}
    engines: {node: '>= 10'}
    cpu: [x64]
    os: [linux]

  '@tailwindcss/oxide-linux-x64-musl@4.0.9':
    resolution: {integrity: sha512-Kvp0TCkfeXyeehqLJr7otsc4hd/BUPfcIGrQiwsTVCfaMfjQZCG7DjI+9/QqPZha8YapLA9UoIcUILRYO7NE1Q==}
    engines: {node: '>= 10'}
    cpu: [x64]
    os: [linux]

  '@tailwindcss/oxide-win32-arm64-msvc@4.0.9':
    resolution: {integrity: sha512-m3+60T/7YvWekajNq/eexjhV8z10rswcz4BC9bioJ7YaN+7K8W2AmLmG0B79H14m6UHE571qB0XsPus4n0QVgQ==}
    engines: {node: '>= 10'}
    cpu: [arm64]
    os: [win32]

  '@tailwindcss/oxide-win32-x64-msvc@4.0.9':
    resolution: {integrity: sha512-dpc05mSlqkwVNOUjGu/ZXd5U1XNch1kHFJ4/cHkZFvaW1RzbHmRt24gvM8/HC6IirMxNarzVw4IXVtvrOoZtxA==}
    engines: {node: '>= 10'}
    cpu: [x64]
    os: [win32]

  '@tailwindcss/oxide@4.0.9':
    resolution: {integrity: sha512-eLizHmXFqHswJONwfqi/WZjtmWZpIalpvMlNhTM99/bkHtUs6IqgI1XQ0/W5eO2HiRQcIlXUogI2ycvKhVLNcA==}
    engines: {node: '>= 10'}

  '@tailwindcss/postcss@4.0.9':
    resolution: {integrity: sha512-BT/E+pdMqulavEAVM5NCpxmGEwHiLDPpkmg/c/X25ZBW+izTe+aZ+v1gf/HXTrihRoCxrUp5U4YyHsBTzspQKQ==}

  '@tauri-apps/cli-darwin-arm64@2.3.1':
    resolution: {integrity: sha512-TOhSdsXYt+f+asRU+Dl+Wufglj/7+CX9h8RO4hl5k7D6lR4L8yTtdhpS7btaclOMmjYC4piNfJE70GoxhOoYWw==}
    engines: {node: '>= 10'}
    cpu: [arm64]
    os: [darwin]

  '@tauri-apps/cli-darwin-x64@2.3.1':
    resolution: {integrity: sha512-LDwGg3AuBQ3aCeMAFaFwt0MSGOVFoXuXEe0z4QxQ7jZE5tdAOhKABaq4i569V5lShCgQZ6nLD/tmA5+GipvHnA==}
    engines: {node: '>= 10'}
    cpu: [x64]
    os: [darwin]

  '@tauri-apps/cli-linux-arm-gnueabihf@2.3.1':
    resolution: {integrity: sha512-hu3HpbbtJBvHXw5i54QHwLxOUoXWqhf7CL2YYSPOrWEEQo10NKddulP61L5gfr5z+bSSaitfLwqgTidgnaNJCA==}
    engines: {node: '>= 10'}
    cpu: [arm]
    os: [linux]

  '@tauri-apps/cli-linux-arm64-gnu@2.3.1':
    resolution: {integrity: sha512-mEGgwkiGSKYXWHhGodo7zU9PCd2I/d6KkR+Wp1nzK+DxsCrEK6yJ5XxYLSQSDcKkM4dCxpVEPUiVMbDhmn08jg==}
    engines: {node: '>= 10'}
    cpu: [arm64]
    os: [linux]

  '@tauri-apps/cli-linux-arm64-musl@2.3.1':
    resolution: {integrity: sha512-tqQkafikGfnc7ISnGjSYkbpnzJKEyO8XSa0YOXTAL3J8R5Pss5ZIZY7G8kq1mwQSR/dPVR1ZLTVXgZGuysjP8w==}
    engines: {node: '>= 10'}
    cpu: [arm64]
    os: [linux]

  '@tauri-apps/cli-linux-x64-gnu@2.3.1':
    resolution: {integrity: sha512-I3puDJ2wGEauXlXbzIHn2etz78TaWs1cpN6zre02maHr6ZR7nf7euTCOGPhhfoMG0opA5mT/eLuYpVw648/VAA==}
    engines: {node: '>= 10'}
    cpu: [x64]
    os: [linux]

  '@tauri-apps/cli-linux-x64-musl@2.3.1':
    resolution: {integrity: sha512-rbWiCOBuQN7tPySkUyBs914uUikE3mEUOqV/IFospvKESw4UC3G1DL5+ybfXH7Orb8/in3JpJuVzYQjo+OSbBA==}
    engines: {node: '>= 10'}
    cpu: [x64]
    os: [linux]

  '@tauri-apps/cli-win32-arm64-msvc@2.3.1':
    resolution: {integrity: sha512-PdTmUzSeTHjJuBpCV7L+V29fPhPtToU+NZU46slHKSA1aT38MiFDXBZ/6P5Zudrt9QPMfIubqnJKbK8Ivvv7Ww==}
    engines: {node: '>= 10'}
    cpu: [arm64]
    os: [win32]

  '@tauri-apps/cli-win32-ia32-msvc@2.3.1':
    resolution: {integrity: sha512-K/Xa97kspWT4UWj3t26lL2D3QsopTAxS7kWi5kObdqtAGn3qD52qBi24FH38TdvHYz4QlnLIb30TukviCgh4gw==}
    engines: {node: '>= 10'}
    cpu: [ia32]
    os: [win32]

  '@tauri-apps/cli-win32-x64-msvc@2.3.1':
    resolution: {integrity: sha512-RgwzXbP8gAno3kQEsybMtgLp6D1Z1Nec2cftryYbPTJmoMJs6e4qgtxuTSbUz5SKnHe8rGgMiFSvEGoHvbG72Q==}
    engines: {node: '>= 10'}
    cpu: [x64]
    os: [win32]

  '@tauri-apps/cli@2.3.1':
    resolution: {integrity: sha512-xewcw/ZsCqgilTy2h7+pp2Baxoy7zLR2wXOV7SZLzkb6SshHVbm1BFAjn8iFATURRW85KLzl6wSGJ2dQHjVHqw==}
    engines: {node: '>= 10'}
    hasBin: true

  '@types/react-dom@19.0.4':
    resolution: {integrity: sha512-4fSQ8vWFkg+TGhePfUzVmat3eC14TXYSsiiDSLI0dVLsrm9gZFABjPy/Qu6TKgl1tq1Bu1yDsuQgY3A3DOjCcg==}
    peerDependencies:
      '@types/react': ^19.0.0

  '@types/react@19.0.10':
    resolution: {integrity: sha512-JuRQ9KXLEjaUNjTWpzuR231Z2WpIwczOkBEIvbHNCzQefFIT0L8IqE6NV6ULLyC1SI/i234JnDoMkfg+RjQj2g==}

  caniuse-lite@1.0.30001701:
    resolution: {integrity: sha512-faRs/AW3jA9nTwmJBSO1PQ6L/EOgsB5HMQQq4iCu5zhPgVVgO/pZRHlmatwijZKetFw8/Pr4q6dEN8sJuq8qTw==}

  core-js@3.40.0:
    resolution: {integrity: sha512-7vsMc/Lty6AGnn7uFpYT56QesI5D2Y/UkgKounk87OP9Z2H9Z8kj6jzcSGAxFmUtDOS0ntK6lbQz+Nsa0Jj6mQ==}

  csstype@3.1.3:
    resolution: {integrity: sha512-M1uQkMl8rQK/szD0LNhtqxIPLpimGm8sOBwU7lLnCpSbTyY3yeU1Vc7l4KT5zT4s/yOxHH5O7tIuuLOCnLADRw==}

  detect-libc@1.0.3:
    resolution: {integrity: sha512-pGjwhsmsp4kL2RTz08wcOlGN83otlqHeD/Z5T8GXZB+/YcpQ/dgo+lbU8ZsGxV0HIvqqxo9l7mqYwyYMD9bKDg==}
    engines: {node: '>=0.10'}
    hasBin: true

  enhanced-resolve@5.18.1:
    resolution: {integrity: sha512-ZSW3ma5GkcQBIpwZTSRAI8N71Uuwgs93IezB7mf7R60tC8ZbJideoDNKjHn2O9KIlx6rkGTTEk1xUCK2E1Y2Yg==}
    engines: {node: '>=10.13.0'}

  error-stack-parser@2.1.4:
    resolution: {integrity: sha512-Sk5V6wVazPhq5MhpO+AUxJn5x7XSXGl1R93Vn7i+zS15KDVxQijejNCrz8340/2bgLBjR9GtEG8ZVKONDjcqGQ==}

  graceful-fs@4.2.11:
    resolution: {integrity: sha512-RbJ5/jmFcNNCcDV5o9eTnBLJ/HszWV0P73bc+Ff4nS/rJj+YaS6IGyiOL0VoBYX+l1Wrl3k63h/KrH+nhJ0XvQ==}

  html-entities@2.5.2:
    resolution: {integrity: sha512-K//PSRMQk4FZ78Kyau+mZurHn3FH0Vwr+H36eE0rPbeYkRRi9YxceYPhuN60UwWorxyKHhqoAJl2OFKa4BVtaA==}

  isomorphic-rslog@0.0.6:
    resolution: {integrity: sha512-HM0q6XqQ93psDlqvuViNs/Ea3hAyGDkIdVAHlrEocjjAwGrs1fZ+EdQjS9eUPacnYB7Y8SoDdSY3H8p3ce205A==}
    engines: {node: '>=14.17.6'}

  jiti@2.4.2:
    resolution: {integrity: sha512-rg9zJN+G4n2nfJl5MW3BMygZX56zKPNVEYYqq7adpmMh4Jn2QNEwhvQlFy6jPVdcod7txZtKHWnyZiA3a0zP7A==}
    hasBin: true

  lightningcss-darwin-arm64@1.29.1:
    resolution: {integrity: sha512-HtR5XJ5A0lvCqYAoSv2QdZZyoHNttBpa5EP9aNuzBQeKGfbyH5+UipLWvVzpP4Uml5ej4BYs5I9Lco9u1fECqw==}
    engines: {node: '>= 12.0.0'}
    cpu: [arm64]
    os: [darwin]

  lightningcss-darwin-x64@1.29.1:
    resolution: {integrity: sha512-k33G9IzKUpHy/J/3+9MCO4e+PzaFblsgBjSGlpAaFikeBFm8B/CkO3cKU9oI4g+fjS2KlkLM/Bza9K/aw8wsNA==}
    engines: {node: '>= 12.0.0'}
    cpu: [x64]
    os: [darwin]

  lightningcss-freebsd-x64@1.29.1:
    resolution: {integrity: sha512-0SUW22fv/8kln2LnIdOCmSuXnxgxVC276W5KLTwoehiO0hxkacBxjHOL5EtHD8BAXg2BvuhsJPmVMasvby3LiQ==}
    engines: {node: '>= 12.0.0'}
    cpu: [x64]
    os: [freebsd]

  lightningcss-linux-arm-gnueabihf@1.29.1:
    resolution: {integrity: sha512-sD32pFvlR0kDlqsOZmYqH/68SqUMPNj+0pucGxToXZi4XZgZmqeX/NkxNKCPsswAXU3UeYgDSpGhu05eAufjDg==}
    engines: {node: '>= 12.0.0'}
    cpu: [arm]
    os: [linux]

  lightningcss-linux-arm64-gnu@1.29.1:
    resolution: {integrity: sha512-0+vClRIZ6mmJl/dxGuRsE197o1HDEeeRk6nzycSy2GofC2JsY4ifCRnvUWf/CUBQmlrvMzt6SMQNMSEu22csWQ==}
    engines: {node: '>= 12.0.0'}
    cpu: [arm64]
    os: [linux]

  lightningcss-linux-arm64-musl@1.29.1:
    resolution: {integrity: sha512-UKMFrG4rL/uHNgelBsDwJcBqVpzNJbzsKkbI3Ja5fg00sgQnHw/VrzUTEc4jhZ+AN2BvQYz/tkHu4vt1kLuJyw==}
    engines: {node: '>= 12.0.0'}
    cpu: [arm64]
    os: [linux]

  lightningcss-linux-x64-gnu@1.29.1:
    resolution: {integrity: sha512-u1S+xdODy/eEtjADqirA774y3jLcm8RPtYztwReEXoZKdzgsHYPl0s5V52Tst+GKzqjebkULT86XMSxejzfISw==}
    engines: {node: '>= 12.0.0'}
    cpu: [x64]
    os: [linux]

  lightningcss-linux-x64-musl@1.29.1:
    resolution: {integrity: sha512-L0Tx0DtaNUTzXv0lbGCLB/c/qEADanHbu4QdcNOXLIe1i8i22rZRpbT3gpWYsCh9aSL9zFujY/WmEXIatWvXbw==}
    engines: {node: '>= 12.0.0'}
    cpu: [x64]
    os: [linux]

  lightningcss-win32-arm64-msvc@1.29.1:
    resolution: {integrity: sha512-QoOVnkIEFfbW4xPi+dpdft/zAKmgLgsRHfJalEPYuJDOWf7cLQzYg0DEh8/sn737FaeMJxHZRc1oBreiwZCjog==}
    engines: {node: '>= 12.0.0'}
    cpu: [arm64]
    os: [win32]

  lightningcss-win32-x64-msvc@1.29.1:
    resolution: {integrity: sha512-NygcbThNBe4JElP+olyTI/doBNGJvLs3bFCRPdvuCcxZCcCZ71B858IHpdm7L1btZex0FvCmM17FK98Y9MRy1Q==}
    engines: {node: '>= 12.0.0'}
    cpu: [x64]
    os: [win32]

  lightningcss@1.29.1:
    resolution: {integrity: sha512-FmGoeD4S05ewj+AkhTY+D+myDvXI6eL27FjHIjoyUkO/uw7WZD1fBVs0QxeYWa7E17CUHJaYX/RUGISCtcrG4Q==}
    engines: {node: '>= 12.0.0'}

  nanoid@3.3.8:
    resolution: {integrity: sha512-WNLf5Sd8oZxOm+TzppcYk8gVOgP+l58xNy58D0nbUnOxOWRWvlcCV4kUF7ltmI6PsrLl/BgKEyS4mqsGChFN0w==}
    engines: {node: ^10 || ^12 || ^13.7 || ^14 || >=15.0.1}
    hasBin: true

  picocolors@1.1.1:
    resolution: {integrity: sha512-xceH2snhtb5M9liqDsmEw56le376mTZkEX/jEb/RxNFyegNul7eNslCXP9FDj/Lcu0X8KEyMceP2ntpaHrDEVA==}

  postcss@8.5.3:
    resolution: {integrity: sha512-dle9A3yYxlBSrt8Fu+IpjGT8SY8hN0mlaA6GY8t0P5PjIOZemULz/E2Bnm/2dcUOena75OTNkHI76uZBNUUq3A==}
    engines: {node: ^10 || ^12 || >=14}

  react-dom@19.0.0:
    resolution: {integrity: sha512-4GV5sHFG0e/0AD4X+ySy6UJd3jVl1iNsNHdpad0qhABJ11twS3TTBnseqsKurKcsNqCEFeGL3uLpVChpIO3QfQ==}
    peerDependencies:
      react: ^19.0.0

  react-refresh@0.16.0:
    resolution: {integrity: sha512-FPvF2XxTSikpJxcr+bHut2H4gJ17+18Uy20D5/F+SKzFap62R3cM5wH6b8WN3LyGSYeQilLEcJcR1fjBSI2S1A==}
    engines: {node: '>=0.10.0'}

  react@19.0.0:
    resolution: {integrity: sha512-V8AVnmPIICiWpGfm6GLzCR/W5FXLchHop40W4nXBmdlEceh16rCN8O8LNWm5bh5XUX91fh7KpA+W0TgMKmgTpQ==}
    engines: {node: '>=0.10.0'}

  scheduler@0.25.0:
    resolution: {integrity: sha512-xFVuu11jh+xcO7JOAGJNOXld8/TcEHK/4CituBUeUb5hqxJLj9YuemAEuvm9gQ/+pgXYfbQuqAkiYu+u7YEsNA==}

  source-map-js@1.2.1:
    resolution: {integrity: sha512-UXWMKhLOwVKb728IUtQPXxfYU+usdybtUrK/8uGE8CQMvrhOpwvzDBwj0QhSL7MQc7vIsISBG8VQ8+IDQxpfQA==}
    engines: {node: '>=0.10.0'}

  stackframe@1.3.4:
    resolution: {integrity: sha512-oeVtt7eWQS+Na6F//S4kJ2K2VbRlS9D43mAlMyVpVWovy9o+jfgH8O9agzANzaiLjclA0oYzUXEM4PurhSUChw==}

  tailwindcss@4.0.9:
    resolution: {integrity: sha512-12laZu+fv1ONDRoNR9ipTOpUD7RN9essRVkX36sjxuRUInpN7hIiHN4lBd/SIFjbISvnXzp8h/hXzmU8SQQYhw==}

  tapable@2.2.1:
    resolution: {integrity: sha512-GNzQvQTOIP6RyTfE2Qxb8ZVlNmw0n88vp1szwWRimP02mnTsx3Wtn5qRdqY9w2XduFNUgvOwhNnQsjwCp+kqaQ==}
    engines: {node: '>=6'}

  tslib@2.8.1:
    resolution: {integrity: sha512-oJFu94HQb+KVduSUQL7wnpmqnfmLsOA/nAh6b6EH0wCEoK0/mPeXU6c3wKDV83MkOuHPRHtSXKKU99IBazS/2w==}

  typescript@5.8.2:
    resolution: {integrity: sha512-aJn6wq13/afZp/jT9QZmwEjDqqvSGp1VT5GVg+f/t6/oVyrgXM6BY1h9BRh/O5p3PlUPAe+WuiEZOmb/49RqoQ==}
    engines: {node: '>=14.17'}
    hasBin: true

snapshots:

  '@alloc/quick-lru@5.2.0': {}

  '@biomejs/biome@1.9.4':
    optionalDependencies:
      '@biomejs/cli-darwin-arm64': 1.9.4
      '@biomejs/cli-darwin-x64': 1.9.4
      '@biomejs/cli-linux-arm64': 1.9.4
      '@biomejs/cli-linux-arm64-musl': 1.9.4
      '@biomejs/cli-linux-x64': 1.9.4
      '@biomejs/cli-linux-x64-musl': 1.9.4
      '@biomejs/cli-win32-arm64': 1.9.4
      '@biomejs/cli-win32-x64': 1.9.4

  '@biomejs/cli-darwin-arm64@1.9.4':
    optional: true

  '@biomejs/cli-darwin-x64@1.9.4':
    optional: true

  '@biomejs/cli-linux-arm64-musl@1.9.4':
    optional: true

  '@biomejs/cli-linux-arm64@1.9.4':
    optional: true

  '@biomejs/cli-linux-x64-musl@1.9.4':
    optional: true

  '@biomejs/cli-linux-x64@1.9.4':
    optional: true

  '@biomejs/cli-win32-arm64@1.9.4':
    optional: true

  '@biomejs/cli-win32-x64@1.9.4':
    optional: true

  '@module-federation/error-codes@0.8.4': {}

  '@module-federation/runtime-tools@0.8.4':
    dependencies:
      '@module-federation/runtime': 0.8.4
      '@module-federation/webpack-bundler-runtime': 0.8.4

  '@module-federation/runtime@0.8.4':
    dependencies:
      '@module-federation/error-codes': 0.8.4
      '@module-federation/sdk': 0.8.4

  '@module-federation/sdk@0.8.4':
    dependencies:
      isomorphic-rslog: 0.0.6

  '@module-federation/webpack-bundler-runtime@0.8.4':
    dependencies:
      '@module-federation/runtime': 0.8.4
      '@module-federation/sdk': 0.8.4

  '@rsbuild/core@1.2.14':
    dependencies:
      '@rspack/core': 1.2.5(@swc/helpers@0.5.15)
      '@rspack/lite-tapable': 1.0.1
      '@swc/helpers': 0.5.15
      core-js: 3.40.0
      jiti: 2.4.2
    transitivePeerDependencies:
      - '@rspack/tracing'

  '@rsbuild/plugin-react@1.1.1(@rsbuild/core@1.2.14)':
    dependencies:
      '@rsbuild/core': 1.2.14
      '@rspack/plugin-react-refresh': 1.0.1(react-refresh@0.16.0)
      react-refresh: 0.16.0

  '@rspack/binding-darwin-arm64@1.2.5':
    optional: true

  '@rspack/binding-darwin-x64@1.2.5':
    optional: true

  '@rspack/binding-linux-arm64-gnu@1.2.5':
    optional: true

  '@rspack/binding-linux-arm64-musl@1.2.5':
    optional: true

  '@rspack/binding-linux-x64-gnu@1.2.5':
    optional: true

  '@rspack/binding-linux-x64-musl@1.2.5':
    optional: true

  '@rspack/binding-win32-arm64-msvc@1.2.5':
    optional: true

  '@rspack/binding-win32-ia32-msvc@1.2.5':
    optional: true

  '@rspack/binding-win32-x64-msvc@1.2.5':
    optional: true

  '@rspack/binding@1.2.5':
    optionalDependencies:
      '@rspack/binding-darwin-arm64': 1.2.5
      '@rspack/binding-darwin-x64': 1.2.5
      '@rspack/binding-linux-arm64-gnu': 1.2.5
      '@rspack/binding-linux-arm64-musl': 1.2.5
      '@rspack/binding-linux-x64-gnu': 1.2.5
      '@rspack/binding-linux-x64-musl': 1.2.5
      '@rspack/binding-win32-arm64-msvc': 1.2.5
      '@rspack/binding-win32-ia32-msvc': 1.2.5
      '@rspack/binding-win32-x64-msvc': 1.2.5

  '@rspack/core@1.2.5(@swc/helpers@0.5.15)':
    dependencies:
      '@module-federation/runtime-tools': 0.8.4
      '@rspack/binding': 1.2.5
      '@rspack/lite-tapable': 1.0.1
      caniuse-lite: 1.0.30001701
    optionalDependencies:
      '@swc/helpers': 0.5.15

  '@rspack/lite-tapable@1.0.1': {}

  '@rspack/plugin-react-refresh@1.0.1(react-refresh@0.16.0)':
    dependencies:
      error-stack-parser: 2.1.4
      html-entities: 2.5.2
    optionalDependencies:
      react-refresh: 0.16.0

  '@swc/helpers@0.5.15':
    dependencies:
      tslib: 2.8.1

  '@tailwindcss/node@4.0.9':
    dependencies:
      enhanced-resolve: 5.18.1
      jiti: 2.4.2
      tailwindcss: 4.0.9

  '@tailwindcss/oxide-android-arm64@4.0.9':
    optional: true

  '@tailwindcss/oxide-darwin-arm64@4.0.9':
    optional: true

  '@tailwindcss/oxide-darwin-x64@4.0.9':
    optional: true

  '@tailwindcss/oxide-freebsd-x64@4.0.9':
    optional: true

  '@tailwindcss/oxide-linux-arm-gnueabihf@4.0.9':
    optional: true

  '@tailwindcss/oxide-linux-arm64-gnu@4.0.9':
    optional: true

  '@tailwindcss/oxide-linux-arm64-musl@4.0.9':
    optional: true

  '@tailwindcss/oxide-linux-x64-gnu@4.0.9':
    optional: true

  '@tailwindcss/oxide-linux-x64-musl@4.0.9':
    optional: true

  '@tailwindcss/oxide-win32-arm64-msvc@4.0.9':
    optional: true

  '@tailwindcss/oxide-win32-x64-msvc@4.0.9':
    optional: true

  '@tailwindcss/oxide@4.0.9':
    optionalDependencies:
      '@tailwindcss/oxide-android-arm64': 4.0.9
      '@tailwindcss/oxide-darwin-arm64': 4.0.9
      '@tailwindcss/oxide-darwin-x64': 4.0.9
      '@tailwindcss/oxide-freebsd-x64': 4.0.9
      '@tailwindcss/oxide-linux-arm-gnueabihf': 4.0.9
      '@tailwindcss/oxide-linux-arm64-gnu': 4.0.9
      '@tailwindcss/oxide-linux-arm64-musl': 4.0.9
      '@tailwindcss/oxide-linux-x64-gnu': 4.0.9
      '@tailwindcss/oxide-linux-x64-musl': 4.0.9
      '@tailwindcss/oxide-win32-arm64-msvc': 4.0.9
      '@tailwindcss/oxide-win32-x64-msvc': 4.0.9

  '@tailwindcss/postcss@4.0.9':
    dependencies:
      '@alloc/quick-lru': 5.2.0
      '@tailwindcss/node': 4.0.9
      '@tailwindcss/oxide': 4.0.9
      lightningcss: 1.29.1
      postcss: 8.5.3
      tailwindcss: 4.0.9

  '@tauri-apps/cli-darwin-arm64@2.3.1':
    optional: true

  '@tauri-apps/cli-darwin-x64@2.3.1':
    optional: true

  '@tauri-apps/cli-linux-arm-gnueabihf@2.3.1':
    optional: true

  '@tauri-apps/cli-linux-arm64-gnu@2.3.1':
    optional: true

  '@tauri-apps/cli-linux-arm64-musl@2.3.1':
    optional: true

  '@tauri-apps/cli-linux-x64-gnu@2.3.1':
    optional: true

  '@tauri-apps/cli-linux-x64-musl@2.3.1':
    optional: true

  '@tauri-apps/cli-win32-arm64-msvc@2.3.1':
    optional: true

  '@tauri-apps/cli-win32-ia32-msvc@2.3.1':
    optional: true

  '@tauri-apps/cli-win32-x64-msvc@2.3.1':
    optional: true

  '@tauri-apps/cli@2.3.1':
    optionalDependencies:
      '@tauri-apps/cli-darwin-arm64': 2.3.1
      '@tauri-apps/cli-darwin-x64': 2.3.1
      '@tauri-apps/cli-linux-arm-gnueabihf': 2.3.1
      '@tauri-apps/cli-linux-arm64-gnu': 2.3.1
      '@tauri-apps/cli-linux-arm64-musl': 2.3.1
      '@tauri-apps/cli-linux-x64-gnu': 2.3.1
      '@tauri-apps/cli-linux-x64-musl': 2.3.1
      '@tauri-apps/cli-win32-arm64-msvc': 2.3.1
      '@tauri-apps/cli-win32-ia32-msvc': 2.3.1
      '@tauri-apps/cli-win32-x64-msvc': 2.3.1

  '@types/react-dom@19.0.4(@types/react@19.0.10)':
    dependencies:
      '@types/react': 19.0.10

  '@types/react@19.0.10':
    dependencies:
      csstype: 3.1.3

  caniuse-lite@1.0.30001701: {}

  core-js@3.40.0: {}

  csstype@3.1.3: {}

  detect-libc@1.0.3: {}

  enhanced-resolve@5.18.1:
    dependencies:
      graceful-fs: 4.2.11
      tapable: 2.2.1

  error-stack-parser@2.1.4:
    dependencies:
      stackframe: 1.3.4

  graceful-fs@4.2.11: {}

  html-entities@2.5.2: {}

  isomorphic-rslog@0.0.6: {}

  jiti@2.4.2: {}

  lightningcss-darwin-arm64@1.29.1:
    optional: true

  lightningcss-darwin-x64@1.29.1:
    optional: true

  lightningcss-freebsd-x64@1.29.1:
    optional: true

  lightningcss-linux-arm-gnueabihf@1.29.1:
    optional: true

  lightningcss-linux-arm64-gnu@1.29.1:
    optional: true

  lightningcss-linux-arm64-musl@1.29.1:
    optional: true

  lightningcss-linux-x64-gnu@1.29.1:
    optional: true

  lightningcss-linux-x64-musl@1.29.1:
    optional: true

  lightningcss-win32-arm64-msvc@1.29.1:
    optional: true

  lightningcss-win32-x64-msvc@1.29.1:
    optional: true

  lightningcss@1.29.1:
    dependencies:
      detect-libc: 1.0.3
    optionalDependencies:
      lightningcss-darwin-arm64: 1.29.1
      lightningcss-darwin-x64: 1.29.1
      lightningcss-freebsd-x64: 1.29.1
      lightningcss-linux-arm-gnueabihf: 1.29.1
      lightningcss-linux-arm64-gnu: 1.29.1
      lightningcss-linux-arm64-musl: 1.29.1
      lightningcss-linux-x64-gnu: 1.29.1
      lightningcss-linux-x64-musl: 1.29.1
      lightningcss-win32-arm64-msvc: 1.29.1
      lightningcss-win32-x64-msvc: 1.29.1

  nanoid@3.3.8: {}

  picocolors@1.1.1: {}

  postcss@8.5.3:
    dependencies:
      nanoid: 3.3.8
      picocolors: 1.1.1
      source-map-js: 1.2.1

  react-dom@19.0.0(react@19.0.0):
    dependencies:
      react: 19.0.0
      scheduler: 0.25.0

  react-refresh@0.16.0: {}

  react@19.0.0: {}

  scheduler@0.25.0: {}

  source-map-js@1.2.1: {}

  stackframe@1.3.4: {}

  tailwindcss@4.0.9: {}

  tapable@2.2.1: {}

  tslib@2.8.1: {}

  typescript@5.8.2: {}
